
Microsoft Visual Studio Solution File, Format Version 12.00
# Visual Studio Version 16
VisualStudioVersion = 16.0.31702.278
MinimumVisualStudioVersion = 10.0.40219.1
Project("{9A19103F-16F7-4668-BE54-9A1E7A4F7556}") = "Project1", "Ahoy\Project1.csproj", "{80753715-65EF-4112-AC65-2BC96E0A693C}"
EndProject
Project("{9A19103F-16F7-4668-BE54-9A1E7A4F7556}") = "ProjectCommons", "ProjectCommons\ProjectCommons.csproj", "{EA394933-417A-4746-8722-39177F3E2572}"
EndProject
Project("{9A19103F-16F7-4668-BE54-9A1E7A4F7556}") = "DataBase", "DataBase\DataBase.csproj", "{5ACB0F9B-7B2A-4390-8A37-CD333C5DDFB4}"
EndProject
Project("{FAE04EC0-301F-11D3-BF4B-00C04F79EFBC}") = "TestHotel", "TestHotel\TestHotel.csproj", "{B6940432-4E92-4DD7-8EC0-8C8D90905D0C}"
EndProject
Global
	GlobalSection(SolutionConfigurationPlatforms) = preSolution
		Debug|Any CPU = Debug|Any CPU
		Release|Any CPU = Release|Any CPU
	EndGlobalSection
	GlobalSection(ProjectConfigurationPlatforms) = postSolution
		{80753715-65EF-4112-AC65-2BC96E0A693C}.Debug|Any CPU.ActiveCfg = Debug|Any CPU
		{80753715-65EF-4112-AC65-2BC96E0A693C}.Debug|Any CPU.Build.0 = Debug|Any CPU
		{80753715-65EF-4112-AC65-2BC96E0A693C}.Release|Any CPU.ActiveCfg = Release|Any CPU
		{80753715-65EF-4112-AC65-2BC96E0A693C}.Release|Any CPU.Build.0 = Release|Any CPU
		{EA394933-417A-4746-8722-39177F3E2572}.Debug|Any CPU.ActiveCfg = Debug|Any CPU
		{EA394933-417A-4746-8722-39177F3E2572}.Debug|Any CPU.Build.0 = Debug|Any CPU
		{EA394933-417A-4746-8722-39177F3E2572}.Release|Any CPU.ActiveCfg = Release|Any CPU
		{EA394933-417A-4746-8722-39177F3E2572}.Release|Any CPU.Build.0 = Release|Any CPU
		{5ACB0F9B-7B2A-4390-8A37-CD333C5DDFB4}.Debug|Any CPU.ActiveCfg = Debug|Any CPU
		{5ACB0F9B-7B2A-4390-8A37-CD333C5DDFB4}.Debug|Any CPU.Build.0 = Debug|Any CPU
		{5ACB0F9B-7B2A-4390-8A37-CD333C5DDFB4}.Release|Any CPU.ActiveCfg = Release|Any CPU
		{5ACB0F9B-7B2A-4390-8A37-CD333C5DDFB4}.Release|Any CPU.Build.0 = Release|Any CPU
		{B6940432-4E92-4DD7-8EC0-8C8D90905D0C}.Debug|Any CPU.ActiveCfg = Debug|Any CPU
		{B6940432-4E92-4DD7-8EC0-8C8D90905D0C}.Debug|Any CPU.Build.0 = Debug|Any CPU
		{B6940432-4E92-4DD7-8EC0-8C8D90905D0C}.Release|Any CPU.ActiveCfg = Release|Any CPU
		{B6940432-4E92-4DD7-8EC0-8C8D90905D0C}.Release|Any CPU.Build.0 = Release|Any CPU
	EndGlobalSection
	GlobalSection(SolutionProperties) = preSolution
		HideSolutionNode = FALSE
	EndGlobalSection
	GlobalSection(ExtensibilityGlobals) = postSolution
		SolutionGuid = {D57A2C85-EAF5-473A-809B-ACFB86F81C16}
	EndGlobalSection
EndGlobal
